
Microsoft Visual Studio Solution File, Format Version 12.00
# Visual Studio Version 16
VisualStudioVersion = 16.0.31205.134
MinimumVisualStudioVersion = 10.0.40219.1
Project("{FAE04EC0-301F-11D3-BF4B-00C04F79EFBC}") = "ImagenTexto", "ImagenTexto\ImagenTexto.csproj", "{38EA5393-38FD-4B27-A3CB-054EF147D638}"
EndProject
Global
	GlobalSection(SolutionConfigurationPlatforms) = preSolution
		Debug|Any CPU = Debug|Any CPU
		Release|Any CPU = Release|Any CPU
	EndGlobalSection
	GlobalSection(ProjectConfigurationPlatforms) = postSolution
		{38EA5393-38FD-4B27-A3CB-054EF147D638}.Debug|Any CPU.ActiveCfg = Debug|Any CPU
		{38EA5393-38FD-4B27-A3CB-054EF147D638}.Debug|Any CPU.Build.0 = Debug|Any CPU
		{38EA5393-38FD-4B27-A3CB-054EF147D638}.Release|Any CPU.ActiveCfg = Release|Any CPU
		{38EA5393-38FD-4B27-A3CB-054EF147D638}.Release|Any CPU.Build.0 = Release|Any CPU
	EndGlobalSection
	GlobalSection(SolutionProperties) = preSolution
		HideSolutionNode = FALSE
	EndGlobalSection
	GlobalSection(ExtensibilityGlobals) = postSolution
		SolutionGuid = {940BF524-56CB-4964-9C47-49890B996ECE}
	EndGlobalSection
EndGlobal
